
Microsoft Visual Studio Solution File, Format Version 12.00
# Visual Studio Version 16
VisualStudioVersion = 16.0.29709.97
MinimumVisualStudioVersion = 10.0.40219.1
Project("{8BC9CEB8-8B4A-11D0-8D11-00A0C91BC942}") = "Exercise 3.10_4", "Exercise 3.10_4\Exercise 3.10_4.vcxproj", "{8CFAF67E-66B2-4B9D-A5A7-BA756C0D2E22}"
EndProject
Global
	GlobalSection(SolutionConfigurationPlatforms) = preSolution
		Debug|x64 = Debug|x64
		Debug|x86 = Debug|x86
		Release|x64 = Release|x64
		Release|x86 = Release|x86
	EndGlobalSection
	GlobalSection(ProjectConfigurationPlatforms) = postSolution
		{8CFAF67E-66B2-4B9D-A5A7-BA756C0D2E22}.Debug|x64.ActiveCfg = Debug|x64
		{8CFAF67E-66B2-4B9D-A5A7-BA756C0D2E22}.Debug|x64.Build.0 = Debug|x64
		{8CFAF67E-66B2-4B9D-A5A7-BA756C0D2E22}.Debug|x86.ActiveCfg = Debug|Win32
		{8CFAF67E-66B2-4B9D-A5A7-BA756C0D2E22}.Debug|x86.Build.0 = Debug|Win32
		{8CFAF67E-66B2-4B9D-A5A7-BA756C0D2E22}.Release|x64.ActiveCfg = Release|x64
		{8CFAF67E-66B2-4B9D-A5A7-BA756C0D2E22}.Release|x64.Build.0 = Release|x64
		{8CFAF67E-66B2-4B9D-A5A7-BA756C0D2E22}.Release|x86.ActiveCfg = Release|Win32
		{8CFAF67E-66B2-4B9D-A5A7-BA756C0D2E22}.Release|x86.Build.0 = Release|Win32
	EndGlobalSection
	GlobalSection(SolutionProperties) = preSolution
		HideSolutionNode = FALSE
	EndGlobalSection
	GlobalSection(ExtensibilityGlobals) = postSolution
		SolutionGuid = {A52AA18E-B6F1-42BD-8B2E-60A5F7E89ACF}
	EndGlobalSection
EndGlobal
